
Microsoft Visual Studio Solution File, Format Version 12.00
# Visual Studio Version 16
VisualStudioVersion = 16.0.33027.164
MinimumVisualStudioVersion = 10.0.40219.1
Project("{FAE04EC0-301F-11D3-BF4B-00C04F79EFBC}") = "InheritanceOfObjectsTask", "InheritanceOfObjectsTask\InheritanceOfObjectsTask.csproj", "{7C81F309-B573-40B4-88DB-401EBDDFE612}"
EndProject
Global
	GlobalSection(SolutionConfigurationPlatforms) = preSolution
		Debug|Any CPU = Debug|Any CPU
		Release|Any CPU = Release|Any CPU
	EndGlobalSection
	GlobalSection(ProjectConfigurationPlatforms) = postSolution
		{7C81F309-B573-40B4-88DB-401EBDDFE612}.Debug|Any CPU.ActiveCfg = Debug|Any CPU
		{7C81F309-B573-40B4-88DB-401EBDDFE612}.Debug|Any CPU.Build.0 = Debug|Any CPU
		{7C81F309-B573-40B4-88DB-401EBDDFE612}.Release|Any CPU.ActiveCfg = Release|Any CPU
		{7C81F309-B573-40B4-88DB-401EBDDFE612}.Release|Any CPU.Build.0 = Release|Any CPU
	EndGlobalSection
	GlobalSection(SolutionProperties) = preSolution
		HideSolutionNode = FALSE
	EndGlobalSection
	GlobalSection(ExtensibilityGlobals) = postSolution
		SolutionGuid = {A5129088-147A-4765-B5C9-4986DBBC0D62}
	EndGlobalSection
EndGlobal
